
Microsoft Visual Studio Solution File, Format Version 12.00
# Visual Studio Version 17
VisualStudioVersion = 17.5.33530.505
MinimumVisualStudioVersion = 10.0.40219.1
Project("{FAE04EC0-301F-11D3-BF4B-00C04F79EFBC}") = "12.1.5", "12.1.5.csproj", "{D01B84B2-755A-4CAF-AD1E-EBCB81117647}"
EndProject
Global
	GlobalSection(SolutionConfigurationPlatforms) = preSolution
		Debug|Any CPU = Debug|Any CPU
		Release|Any CPU = Release|Any CPU
	EndGlobalSection
	GlobalSection(ProjectConfigurationPlatforms) = postSolution
		{D01B84B2-755A-4CAF-AD1E-EBCB81117647}.Debug|Any CPU.ActiveCfg = Debug|Any CPU
		{D01B84B2-755A-4CAF-AD1E-EBCB81117647}.Debug|Any CPU.Build.0 = Debug|Any CPU
		{D01B84B2-755A-4CAF-AD1E-EBCB81117647}.Release|Any CPU.ActiveCfg = Release|Any CPU
		{D01B84B2-755A-4CAF-AD1E-EBCB81117647}.Release|Any CPU.Build.0 = Release|Any CPU
	EndGlobalSection
	GlobalSection(SolutionProperties) = preSolution
		HideSolutionNode = FALSE
	EndGlobalSection
	GlobalSection(ExtensibilityGlobals) = postSolution
		SolutionGuid = {16BF565D-C137-4568-91FB-A58E8A1597BE}
	EndGlobalSection
EndGlobal
